
Microsoft Visual Studio Solution File, Format Version 11.00
# Visual Studio 2010
Project("{FAE04EC0-301F-11D3-BF4B-00C04F79EFBC}") = "Mirror", "Mirror.csproj", "{D3E3FD12-0518-367E-223F-5134C4D75850}"
EndProject
Project("{FAE04EC0-301F-11D3-BF4B-00C04F79EFBC}") = "Assembly-CSharp", "Assembly-CSharp.csproj", "{0886FB40-4130-4767-4C45-F9EEEB4B4051}"
EndProject
Project("{FAE04EC0-301F-11D3-BF4B-00C04F79EFBC}") = "Mirror.Examples", "Mirror.Examples.csproj", "{FB887B9F-31D1-3CBE-CC35-0EE1FD7D949F}"
EndProject
Project("{FAE04EC0-301F-11D3-BF4B-00C04F79EFBC}") = "Mirror.Components", "Mirror.Components.csproj", "{DE1E4ED7-549A-D5C5-14C4-A77BA6362D00}"
EndProject
Project("{FAE04EC0-301F-11D3-BF4B-00C04F79EFBC}") = "Mirror.Authenticators", "Mirror.Authenticators.csproj", "{FD96C1FA-7FE4-F370-6FFB-85D2112A8A99}"
EndProject
Project("{FAE04EC0-301F-11D3-BF4B-00C04F79EFBC}") = "Mirror.Weaver", "Mirror.Weaver.csproj", "{9793B0D2-FD43-80DA-8244-54FCC382B110}"
EndProject
Project("{FAE04EC0-301F-11D3-BF4B-00C04F79EFBC}") = "Mirror.Editor", "Mirror.Editor.csproj", "{73D84880-DD1D-C560-F9CC-3C026A94F9F6}"
EndProject
Project("{FAE04EC0-301F-11D3-BF4B-00C04F79EFBC}") = "Mirror.CompilerSymbols", "Mirror.CompilerSymbols.csproj", "{06D88566-8172-1F48-53AC-8732A6498116}"
EndProject
Global
	GlobalSection(SolutionConfigurationPlatforms) = preSolution
		Debug|Any CPU = Debug|Any CPU
		Release|Any CPU = Release|Any CPU
	EndGlobalSection
	GlobalSection(ProjectConfigurationPlatforms) = postSolution
		{D3E3FD12-0518-367E-223F-5134C4D75850}.Debug|Any CPU.ActiveCfg = Debug|Any CPU
		{D3E3FD12-0518-367E-223F-5134C4D75850}.Debug|Any CPU.Build.0 = Debug|Any CPU
		{D3E3FD12-0518-367E-223F-5134C4D75850}.Release|Any CPU.ActiveCfg = Release|Any CPU
		{D3E3FD12-0518-367E-223F-5134C4D75850}.Release|Any CPU.Build.0 = Release|Any CPU
		{0886FB40-4130-4767-4C45-F9EEEB4B4051}.Debug|Any CPU.ActiveCfg = Debug|Any CPU
		{0886FB40-4130-4767-4C45-F9EEEB4B4051}.Debug|Any CPU.Build.0 = Debug|Any CPU
		{0886FB40-4130-4767-4C45-F9EEEB4B4051}.Release|Any CPU.ActiveCfg = Release|Any CPU
		{0886FB40-4130-4767-4C45-F9EEEB4B4051}.Release|Any CPU.Build.0 = Release|Any CPU
		{FB887B9F-31D1-3CBE-CC35-0EE1FD7D949F}.Debug|Any CPU.ActiveCfg = Debug|Any CPU
		{FB887B9F-31D1-3CBE-CC35-0EE1FD7D949F}.Debug|Any CPU.Build.0 = Debug|Any CPU
		{FB887B9F-31D1-3CBE-CC35-0EE1FD7D949F}.Release|Any CPU.ActiveCfg = Release|Any CPU
		{FB887B9F-31D1-3CBE-CC35-0EE1FD7D949F}.Release|Any CPU.Build.0 = Release|Any CPU
		{DE1E4ED7-549A-D5C5-14C4-A77BA6362D00}.Debug|Any CPU.ActiveCfg = Debug|Any CPU
		{DE1E4ED7-549A-D5C5-14C4-A77BA6362D00}.Debug|Any CPU.Build.0 = Debug|Any CPU
		{DE1E4ED7-549A-D5C5-14C4-A77BA6362D00}.Release|Any CPU.ActiveCfg = Release|Any CPU
		{DE1E4ED7-549A-D5C5-14C4-A77BA6362D00}.Release|Any CPU.Build.0 = Release|Any CPU
		{FD96C1FA-7FE4-F370-6FFB-85D2112A8A99}.Debug|Any CPU.ActiveCfg = Debug|Any CPU
		{FD96C1FA-7FE4-F370-6FFB-85D2112A8A99}.Debug|Any CPU.Build.0 = Debug|Any CPU
		{FD96C1FA-7FE4-F370-6FFB-85D2112A8A99}.Release|Any CPU.ActiveCfg = Release|Any CPU
		{FD96C1FA-7FE4-F370-6FFB-85D2112A8A99}.Release|Any CPU.Build.0 = Release|Any CPU
		{9793B0D2-FD43-80DA-8244-54FCC382B110}.Debug|Any CPU.ActiveCfg = Debug|Any CPU
		{9793B0D2-FD43-80DA-8244-54FCC382B110}.Debug|Any CPU.Build.0 = Debug|Any CPU
		{9793B0D2-FD43-80DA-8244-54FCC382B110}.Release|Any CPU.ActiveCfg = Release|Any CPU
		{9793B0D2-FD43-80DA-8244-54FCC382B110}.Release|Any CPU.Build.0 = Release|Any CPU
		{73D84880-DD1D-C560-F9CC-3C026A94F9F6}.Debug|Any CPU.ActiveCfg = Debug|Any CPU
		{73D84880-DD1D-C560-F9CC-3C026A94F9F6}.Debug|Any CPU.Build.0 = Debug|Any CPU
		{73D84880-DD1D-C560-F9CC-3C026A94F9F6}.Release|Any CPU.ActiveCfg = Release|Any CPU
		{73D84880-DD1D-C560-F9CC-3C026A94F9F6}.Release|Any CPU.Build.0 = Release|Any CPU
		{06D88566-8172-1F48-53AC-8732A6498116}.Debug|Any CPU.ActiveCfg = Debug|Any CPU
		{06D88566-8172-1F48-53AC-8732A6498116}.Debug|Any CPU.Build.0 = Debug|Any CPU
		{06D88566-8172-1F48-53AC-8732A6498116}.Release|Any CPU.ActiveCfg = Release|Any CPU
		{06D88566-8172-1F48-53AC-8732A6498116}.Release|Any CPU.Build.0 = Release|Any CPU
	EndGlobalSection
	GlobalSection(SolutionProperties) = preSolution
		HideSolutionNode = FALSE
	EndGlobalSection
	GlobalSection(MonoDevelopProperties) = preSolution
		StartupItem = Assembly-CSharp.csproj
	EndGlobalSection
EndGlobal
